// !$*UTF8*$!
{
	archiveVersion = 1;
	classes = {
	};
	objectVersion = 50;
	objects = {

/* Begin PBXBuildFile section */
		B24542FD24B132670015E403 /* AppDelegate.swift in Sources */ = {isa = PBXBuildFile; fileRef = B24542FC24B132670015E403 /* AppDelegate.swift */; };
		B245430124B132670015E403 /* ViewController.swift in Sources */ = {isa = PBXBuildFile; fileRef = B245430024B132670015E403 /* ViewController.swift */; };
		B245430424B132670015E403 /* Main.storyboard in Resources */ = {isa = PBXBuildFile; fileRef = B245430224B132670015E403 /* Main.storyboard */; };
		B245430624B1326F0015E403 /* Assets.xcassets in Resources */ = {isa = PBXBuildFile; fileRef = B245430524B1326F0015E403 /* Assets.xcassets */; };
		B245430924B1326F0015E403 /* LaunchScreen.storyboard in Resources */ = {isa = PBXBuildFile; fileRef = B245430724B1326F0015E403 /* LaunchScreen.storyboard */; };
		B245431424B1326F0015E403 /* Top100AlbumsTests.swift in Sources */ = {isa = PBXBuildFile; fileRef = B245431324B1326F0015E403 /* Top100AlbumsTests.swift */; };
		B245432024B134270015E403 /* Album.swift in Sources */ = {isa = PBXBuildFile; fileRef = B245431F24B134270015E403 /* Album.swift */; };
		B245432224B134AC0015E403 /* Genre.swift in Sources */ = {isa = PBXBuildFile; fileRef = B245432124B134AC0015E403 /* Genre.swift */; };
		B245432424B135050015E403 /* Feed.swift in Sources */ = {isa = PBXBuildFile; fileRef = B245432324B135050015E403 /* Feed.swift */; };
		B245432624B135A10015E403 /* Author.swift in Sources */ = {isa = PBXBuildFile; fileRef = B245432524B135A10015E403 /* Author.swift */; };
/* End PBXBuildFile section */

/* Begin PBXContainerItemProxy section */
		B245431024B1326F0015E403 /* PBXContainerItemProxy */ = {
			isa = PBXContainerItemProxy;
			containerPortal = B24542F124B132670015E403 /* Project object */;
			proxyType = 1;
			remoteGlobalIDString = B24542F824B132670015E403;
			remoteInfo = Top100Albums;
		};
/* End PBXContainerItemProxy section */

/* Begin PBXFileReference section */
		B24542F924B132670015E403 /* Top100Albums.app */ = {isa = PBXFileReference; explicitFileType = wrapper.application; includeInIndex = 0; path = Top100Albums.app; sourceTree = BUILT_PRODUCTS_DIR; };
		B24542FC24B132670015E403 /* AppDelegate.swift */ = {isa = PBXFileReference; lastKnownFileType = sourcecode.swift; path = AppDelegate.swift; sourceTree = "<group>"; };
		B245430024B132670015E403 /* ViewController.swift */ = {isa = PBXFileReference; lastKnownFileType = sourcecode.swift; path = ViewController.swift; sourceTree = "<group>"; };
		B245430324B132670015E403 /* Base */ = {isa = PBXFileReference; lastKnownFileType = file.storyboard; name = Base; path = Base.lproj/Main.storyboard; sourceTree = "<group>"; };
		B245430524B1326F0015E403 /* Assets.xcassets */ = {isa = PBXFileReference; lastKnownFileType = folder.assetcatalog; path = Assets.xcassets; sourceTree = "<group>"; };
		B245430824B1326F0015E403 /* Base */ = {isa = PBXFileReference; lastKnownFileType = file.storyboard; name = Base; path = Base.lproj/LaunchScreen.storyboard; sourceTree = "<group>"; };
		B245430A24B1326F0015E403 /* Info.plist */ = {isa = PBXFileReference; lastKnownFileType = text.plist.xml; path = Info.plist; sourceTree = "<group>"; };
		B245430F24B1326F0015E403 /* Top100AlbumsTests.xctest */ = {isa = PBXFileReference; explicitFileType = wrapper.cfbundle; includeInIndex = 0; path = Top100AlbumsTests.xctest; sourceTree = BUILT_PRODUCTS_DIR; };
		B245431324B1326F0015E403 /* Top100AlbumsTests.swift */ = {isa = PBXFileReference; lastKnownFileType = sourcecode.swift; path = Top100AlbumsTests.swift; sourceTree = "<group>"; };
		B245431524B1326F0015E403 /* Info.plist */ = {isa = PBXFileReference; lastKnownFileType = text.plist.xml; path = Info.plist; sourceTree = "<group>"; };
		B245431F24B134270015E403 /* Album.swift */ = {isa = PBXFileReference; lastKnownFileType = sourcecode.swift; path = Album.swift; sourceTree = "<group>"; };
		B245432124B134AC0015E403 /* Genre.swift */ = {isa = PBXFileReference; lastKnownFileType = sourcecode.swift; path = Genre.swift; sourceTree = "<group>"; };
		B245432324B135050015E403 /* Feed.swift */ = {isa = PBXFileReference; lastKnownFileType = sourcecode.swift; path = Feed.swift; sourceTree = "<group>"; };
		B245432524B135A10015E403 /* Author.swift */ = {isa = PBXFileReference; lastKnownFileType = sourcecode.swift; path = Author.swift; sourceTree = "<group>"; };
/* End PBXFileReference section */

/* Begin PBXFrameworksBuildPhase section */
		B24542F624B132670015E403 /* Frameworks */ = {
			isa = PBXFrameworksBuildPhase;
			buildActionMask = 2147483647;
			files = (
			);
			runOnlyForDeploymentPostprocessing = 0;
		};
		B245430C24B1326F0015E403 /* Frameworks */ = {
			isa = PBXFrameworksBuildPhase;
			buildActionMask = 2147483647;
			files = (
			);
			runOnlyForDeploymentPostprocessing = 0;
		};
/* End PBXFrameworksBuildPhase section */

/* Begin PBXGroup section */
		B24542F024B132670015E403 = {
			isa = PBXGroup;
			children = (
				B24542FB24B132670015E403 /* Top100Albums */,
				B245431224B1326F0015E403 /* Top100AlbumsTests */,
				B24542FA24B132670015E403 /* Products */,
			);
			sourceTree = "<group>";
		};
		B24542FA24B132670015E403 /* Products */ = {
			isa = PBXGroup;
			children = (
				B24542F924B132670015E403 /* Top100Albums.app */,
				B245430F24B1326F0015E403 /* Top100AlbumsTests.xctest */,
			);
			name = Products;
			sourceTree = "<group>";
		};
		B24542FB24B132670015E403 /* Top100Albums */ = {
			isa = PBXGroup;
			children = (
				B245431E24B134170015E403 /* Model */,
				B24542FC24B132670015E403 /* AppDelegate.swift */,
				B245430024B132670015E403 /* ViewController.swift */,
				B245430224B132670015E403 /* Main.storyboard */,
				B245430524B1326F0015E403 /* Assets.xcassets */,
				B245430724B1326F0015E403 /* LaunchScreen.storyboard */,
				B245430A24B1326F0015E403 /* Info.plist */,
			);
			path = Top100Albums;
			sourceTree = "<group>";
		};
		B245431224B1326F0015E403 /* Top100AlbumsTests */ = {
			isa = PBXGroup;
			children = (
				B245431324B1326F0015E403 /* Top100AlbumsTests.swift */,
				B245431524B1326F0015E403 /* Info.plist */,
			);
			path = Top100AlbumsTests;
			sourceTree = "<group>";
		};
		B245431E24B134170015E403 /* Model */ = {
			isa = PBXGroup;
			children = (
				B245431F24B134270015E403 /* Album.swift */,
				B245432124B134AC0015E403 /* Genre.swift */,
				B245432324B135050015E403 /* Feed.swift */,
				B245432524B135A10015E403 /* Author.swift */,
			);
			path = Model;
			sourceTree = "<group>";
		};
/* End PBXGroup section */

/* Begin PBXNativeTarget section */
		B24542F824B132670015E403 /* Top100Albums */ = {
			isa = PBXNativeTarget;
			buildConfigurationList = B245431824B1326F0015E403 /* Build configuration list for PBXNativeTarget "Top100Albums" */;
			buildPhases = (
				B24542F524B132670015E403 /* Sources */,
				B24542F624B132670015E403 /* Frameworks */,
				B24542F724B132670015E403 /* Resources */,
			);
			buildRules = (
			);
			dependencies = (
			);
			name = Top100Albums;
			productName = Top100Albums;
			productReference = B24542F924B132670015E403 /* Top100Albums.app */;
			productType = "com.apple.product-type.application";
		};
		B245430E24B1326F0015E403 /* Top100AlbumsTests */ = {
			isa = PBXNativeTarget;
			buildConfigurationList = B245431B24B1326F0015E403 /* Build configuration list for PBXNativeTarget "Top100AlbumsTests" */;
			buildPhases = (
				B245430B24B1326F0015E403 /* Sources */,
				B245430C24B1326F0015E403 /* Frameworks */,
				B245430D24B1326F0015E403 /* Resources */,
			);
			buildRules = (
			);
			dependencies = (
				B245431124B1326F0015E403 /* PBXTargetDependency */,
			);
			name = Top100AlbumsTests;
			productName = Top100AlbumsTests;
			productReference = B245430F24B1326F0015E403 /* Top100AlbumsTests.xctest */;
			productType = "com.apple.product-type.bundle.unit-test";
		};
/* End PBXNativeTarget section */

/* Begin PBXProject section */
		B24542F124B132670015E403 /* Project object */ = {
			isa = PBXProject;
			attributes = {
				LastSwiftUpdateCheck = 1150;
				LastUpgradeCheck = 1150;
				ORGANIZATIONNAME = "Abbas Angouti";
				TargetAttributes = {
					B24542F824B132670015E403 = {
						CreatedOnToolsVersion = 11.5;
					};
					B245430E24B1326F0015E403 = {
						CreatedOnToolsVersion = 11.5;
						TestTargetID = B24542F824B132670015E403;
					};
				};
			};
			buildConfigurationList = B24542F424B132670015E403 /* Build configuration list for PBXProject "Top100Albums" */;
			compatibilityVersion = "Xcode 9.3";
			developmentRegion = en;
			hasScannedForEncodings = 0;
			knownRegions = (
				en,
				Base,
			);
			mainGroup = B24542F024B132670015E403;
			productRefGroup = B24542FA24B132670015E403 /* Products */;
			projectDirPath = "";
			projectRoot = "";
			targets = (
				B24542F824B132670015E403 /* Top100Albums */,
				B245430E24B1326F0015E403 /* Top100AlbumsTests */,
			);
		};
/* End PBXProject section */

/* Begin PBXResourcesBuildPhase section */
		B24542F724B132670015E403 /* Resources */ = {
			isa = PBXResourcesBuildPhase;
			buildActionMask = 2147483647;
			files = (
				B245430924B1326F0015E403 /* LaunchScreen.storyboard in Resources */,
				B245430624B1326F0015E403 /* Assets.xcassets in Resources */,
				B245430424B132670015E403 /* Main.storyboard in Resources */,
			);
			runOnlyForDeploymentPostprocessing = 0;
		};
		B245430D24B1326F0015E403 /* Resources */ = {
			isa = PBXResourcesBuildPhase;
			buildActionMask = 2147483647;
			files = (
			);
			runOnlyForDeploymentPostprocessing = 0;
		};
/* End PBXResourcesBuildPhase section */

/* Begin PBXSourcesBuildPhase section */
		B24542F524B132670015E403 /* Sources */ = {
			isa = PBXSourcesBuildPhase;
			buildActionMask = 2147483647;
			files = (
				B245432624B135A10015E403 /* Author.swift in Sources */,
				B245430124B132670015E403 /* ViewController.swift in Sources */,
				B245432424B135050015E403 /* Feed.swift in Sources */,
				B24542FD24B132670015E403 /* AppDelegate.swift in Sources */,
				B245432024B134270015E403 /* Album.swift in Sources */,
				B245432224B134AC0015E403 /* Genre.swift in Sources */,
			);
			runOnlyForDeploymentPostprocessing = 0;
		};
		B245430B24B1326F0015E403 /* Sources */ = {
			isa = PBXSourcesBuildPhase;
			buildActionMask = 2147483647;
			files = (
				B245431424B1326F0015E403 /* Top100AlbumsTests.swift in Sources */,
			);
			runOnlyForDeploymentPostprocessing = 0;
		};
/* End PBXSourcesBuildPhase section */

/* Begin PBXTargetDependency section */
		B245431124B1326F0015E403 /* PBXTargetDependency */ = {
			isa = PBXTargetDependency;
			target = B24542F824B132670015E403 /* Top100Albums */;
			targetProxy = B245431024B1326F0015E403 /* PBXContainerItemProxy */;
		};
/* End PBXTargetDependency section */

/* Begin PBXVariantGroup section */
		B245430224B132670015E403 /* Main.storyboard */ = {
			isa = PBXVariantGroup;
			children = (
				B245430324B132670015E403 /* Base */,
			);
			name = Main.storyboard;
			sourceTree = "<group>";
		};
		B245430724B1326F0015E403 /* LaunchScreen.storyboard */ = {
			isa = PBXVariantGroup;
			children = (
				B245430824B1326F0015E403 /* Base */,
			);
			name = LaunchScreen.storyboard;
			sourceTree = "<group>";
		};
/* End PBXVariantGroup section */

/* Begin XCBuildConfiguration section */
		B245431624B1326F0015E403 /* Debug */ = {
			isa = XCBuildConfiguration;
			buildSettings = {
				ALWAYS_SEARCH_USER_PATHS = NO;
				CLANG_ANALYZER_NONNULL = YES;
				CLANG_ANALYZER_NUMBER_OBJECT_CONVERSION = YES_AGGRESSIVE;
				CLANG_CXX_LANGUAGE_STANDARD = "gnu++14";
				CLANG_CXX_LIBRARY = "libc++";
				CLANG_ENABLE_MODULES = YES;
				CLANG_ENABLE_OBJC_ARC = YES;
				CLANG_ENABLE_OBJC_WEAK = YES;
				CLANG_WARN_BLOCK_CAPTURE_AUTORELEASING = YES;
				CLANG_WARN_BOOL_CONVERSION = YES;
				CLANG_WARN_COMMA = YES;
				CLANG_WARN_CONSTANT_CONVERSION = YES;
				CLANG_WARN_DEPRECATED_OBJC_IMPLEMENTATIONS = YES;
				CLANG_WARN_DIRECT_OBJC_ISA_USAGE = YES_ERROR;
				CLANG_WARN_DOCUMENTATION_COMMENTS = YES;
				CLANG_WARN_EMPTY_BODY = YES;
				CLANG_WARN_ENUM_CONVERSION = YES;
				CLANG_WARN_INFINITE_RECURSION = YES;
				CLANG_WARN_INT_CONVERSION = YES;
				CLANG_WARN_NON_LITERAL_NULL_CONVERSION = YES;
				CLANG_WARN_OBJC_IMPLICIT_RETAIN_SELF = YES;
				CLANG_WARN_OBJC_LITERAL_CONVERSION = YES;
				CLANG_WARN_OBJC_ROOT_CLASS = YES_ERROR;
				CLANG_WARN_RANGE_LOOP_ANALYSIS = YES;
				CLANG_WARN_STRICT_PROTOTYPES = YES;
				CLANG_WARN_SUSPICIOUS_MOVE = YES;
				CLANG_WARN_UNGUARDED_AVAILABILITY = YES_AGGRESSIVE;
				CLANG_WARN_UNREACHABLE_CODE = YES;
				CLANG_WARN__DUPLICATE_METHOD_MATCH = YES;
				COPY_PHASE_STRIP = NO;
				DEBUG_INFORMATION_FORMAT = dwarf;
				ENABLE_STRICT_OBJC_MSGSEND = YES;
				ENABLE_TESTABILITY = YES;
				GCC_C_LANGUAGE_STANDARD = gnu11;
				GCC_DYNAMIC_NO_PIC = NO;
				GCC_NO_COMMON_BLOCKS = YES;
				GCC_OPTIMIZATION_LEVEL = 0;
				GCC_PREPROCESSOR_DEFINITIONS = (
					"DEBUG=1",
					"$(inherited)",
				);
				GCC_WARN_64_TO_32_BIT_CONVERSION = YES;
				GCC_WARN_ABOUT_RETURN_TYPE = YES_ERROR;
				GCC_WARN_UNDECLARED_SELECTOR = YES;
				GCC_WARN_UNINITIALIZED_AUTOS = YES_AGGRESSIVE;
				GCC_WARN_UNUSED_FUNCTION = YES;
				GCC_WARN_UNUSED_VARIABLE = YES;
				IPHONEOS_DEPLOYMENT_TARGET = 13.5;
				MTL_ENABLE_DEBUG_INFO = INCLUDE_SOURCE;
				MTL_FAST_MATH = YES;
				ONLY_ACTIVE_ARCH = YES;
				SDKROOT = iphoneos;
				SWIFT_ACTIVE_COMPILATION_CONDITIONS = DEBUG;
				SWIFT_OPTIMIZATION_LEVEL = "-Onone";
			};
			name = Debug;
		};
		B245431724B1326F0015E403 /* Release */ = {
			isa = XCBuildConfiguration;
			buildSettings = {
				ALWAYS_SEARCH_USER_PATHS = NO;
				CLANG_ANALYZER_NONNULL = YES;
				CLANG_ANALYZER_NUMBER_OBJECT_CONVERSION = YES_AGGRESSIVE;
				CLANG_CXX_LANGUAGE_STANDARD = "gnu++14";
				CLANG_CXX_LIBRARY = "libc++";
				CLANG_ENABLE_MODULES = YES;
				CLANG_ENABLE_OBJC_ARC = YES;
				CLANG_ENABLE_OBJC_WEAK = YES;
				CLANG_WARN_BLOCK_CAPTURE_AUTORELEASING = YES;
				CLANG_WARN_BOOL_CONVERSION = YES;
				CLANG_WARN_COMMA = YES;
				CLANG_WARN_CONSTANT_CONVERSION = YES;
				CLANG_WARN_DEPRECATED_OBJC_IMPLEMENTATIONS = YES;
				CLANG_WARN_DIRECT_OBJC_ISA_USAGE = YES_ERROR;
				CLANG_WARN_DOCUMENTATION_COMMENTS = YES;
				CLANG_WARN_EMPTY_BODY = YES;
				CLANG_WARN_ENUM_CONVERSION = YES;
				CLANG_WARN_INFINITE_RECURSION = YES;
				CLANG_WARN_INT_CONVERSION = YES;
				CLANG_WARN_NON_LITERAL_NULL_CONVERSION = YES;
				CLANG_WARN_OBJC_IMPLICIT_RETAIN_SELF = YES;
				CLANG_WARN_OBJC_LITERAL_CONVERSION = YES;
				CLANG_WARN_OBJC_ROOT_CLASS = YES_ERROR;
				CLANG_WARN_RANGE_LOOP_ANALYSIS = YES;
				CLANG_WARN_STRICT_PROTOTYPES = YES;
				CLANG_WARN_SUSPICIOUS_MOVE = YES;
				CLANG_WARN_UNGUARDED_AVAILABILITY = YES_AGGRESSIVE;
				CLANG_WARN_UNREACHABLE_CODE = YES;
				CLANG_WARN__DUPLICATE_METHOD_MATCH = YES;
				COPY_PHASE_STRIP = NO;
				DEBUG_INFORMATION_FORMAT = "dwarf-with-dsym";
				ENABLE_NS_ASSERTIONS = NO;
				ENABLE_STRICT_OBJC_MSGSEND = YES;
				GCC_C_LANGUAGE_STANDARD = gnu11;
				GCC_NO_COMMON_BLOCKS = YES;
				GCC_WARN_64_TO_32_BIT_CONVERSION = YES;
				GCC_WARN_ABOUT_RETURN_TYPE = YES_ERROR;
				GCC_WARN_UNDECLARED_SELECTOR = YES;
				GCC_WARN_UNINITIALIZED_AUTOS = YES_AGGRESSIVE;
				GCC_WARN_UNUSED_FUNCTION = YES;
				GCC_WARN_UNUSED_VARIABLE = YES;
				IPHONEOS_DEPLOYMENT_TARGET = 13.5;
				MTL_ENABLE_DEBUG_INFO = NO;
				MTL_FAST_MATH = YES;
				SDKROOT = iphoneos;
				SWIFT_COMPILATION_MODE = wholemodule;
				SWIFT_OPTIMIZATION_LEVEL = "-O";
				VALIDATE_PRODUCT = YES;
			};
			name = Release;
		};
		B245431924B1326F0015E403 /* Debug */ = {
			isa = XCBuildConfiguration;
			buildSettings = {
				ASSETCATALOG_COMPILER_APPICON_NAME = AppIcon;
				CODE_SIGN_STYLE = Automatic;
				DEVELOPMENT_TEAM = F644873Y43;
				INFOPLIST_FILE = Top100Albums/Info.plist;
				LD_RUNPATH_SEARCH_PATHS = (
					"$(inherited)",
					"@executable_path/Frameworks",
				);
				PRODUCT_BUNDLE_IDENTIFIER = com.abbas.angouti.Top100Albums;
				PRODUCT_NAME = "$(TARGET_NAME)";
				SWIFT_VERSION = 5.0;
				TARGETED_DEVICE_FAMILY = "1,2";
			};
			name = Debug;
		};
		B245431A24B1326F0015E403 /* Release */ = {
			isa = XCBuildConfiguration;
			buildSettings = {
				ASSETCATALOG_COMPILER_APPICON_NAME = AppIcon;
				CODE_SIGN_STYLE = Automatic;
				DEVELOPMENT_TEAM = F644873Y43;
				INFOPLIST_FILE = Top100Albums/Info.plist;
				LD_RUNPATH_SEARCH_PATHS = (
					"$(inherited)",
					"@executable_path/Frameworks",
				);
				PRODUCT_BUNDLE_IDENTIFIER = com.abbas.angouti.Top100Albums;
				PRODUCT_NAME = "$(TARGET_NAME)";
				SWIFT_VERSION = 5.0;
				TARGETED_DEVICE_FAMILY = "1,2";
			};
			name = Release;
		};
		B245431C24B1326F0015E403 /* Debug */ = {
			isa = XCBuildConfiguration;
			buildSettings = {
				ALWAYS_EMBED_SWIFT_STANDARD_LIBRARIES = YES;
				BUNDLE_LOADER = "$(TEST_HOST)";
				CODE_SIGN_STYLE = Automatic;
				DEVELOPMENT_TEAM = F644873Y43;
				INFOPLIST_FILE = Top100AlbumsTests/Info.plist;
				IPHONEOS_DEPLOYMENT_TARGET = 13.5;
				LD_RUNPATH_SEARCH_PATHS = (
					"$(inherited)",
					"@executable_path/Frameworks",
					"@loader_path/Frameworks",
				);
				PRODUCT_BUNDLE_IDENTIFIER = com.abbas.angouti.Top100AlbumsTests;
				PRODUCT_NAME = "$(TARGET_NAME)";
				SWIFT_VERSION = 5.0;
				TARGETED_DEVICE_FAMILY = "1,2";
				TEST_HOST = "$(BUILT_PRODUCTS_DIR)/Top100Albums.app/Top100Albums";
			};
			name = Debug;
		};
		B245431D24B1326F0015E403 /* Release */ = {
			isa = XCBuildConfiguration;
			buildSettings = {
				ALWAYS_EMBED_SWIFT_STANDARD_LIBRARIES = YES;
				BUNDLE_LOADER = "$(TEST_HOST)";
				CODE_SIGN_STYLE = Automatic;
				DEVELOPMENT_TEAM = F644873Y43;
				INFOPLIST_FILE = Top100AlbumsTests/Info.plist;
				IPHONEOS_DEPLOYMENT_TARGET = 13.5;
				LD_RUNPATH_SEARCH_PATHS = (
					"$(inherited)",
					"@executable_path/Frameworks",
					"@loader_path/Frameworks",
				);
				PRODUCT_BUNDLE_IDENTIFIER = com.abbas.angouti.Top100AlbumsTests;
				PRODUCT_NAME = "$(TARGET_NAME)";
				SWIFT_VERSION = 5.0;
				TARGETED_DEVICE_FAMILY = "1,2";
				TEST_HOST = "$(BUILT_PRODUCTS_DIR)/Top100Albums.app/Top100Albums";
			};
			name = Release;
		};
/* End XCBuildConfiguration section */

/* Begin XCConfigurationList section */
		B24542F424B132670015E403 /* Build configuration list for PBXProject "Top100Albums" */ = {
			isa = XCConfigurationList;
			buildConfigurations = (
				B245431624B1326F0015E403 /* Debug */,
				B245431724B1326F0015E403 /* Release */,
			);
			defaultConfigurationIsVisible = 0;
			defaultConfigurationName = Release;
		};
		B245431824B1326F0015E403 /* Build configuration list for PBXNativeTarget "Top100Albums" */ = {
			isa = XCConfigurationList;
			buildConfigurations = (
				B245431924B1326F0015E403 /* Debug */,
				B245431A24B1326F0015E403 /* Release */,
			);
			defaultConfigurationIsVisible = 0;
			defaultConfigurationName = Release;
		};
		B245431B24B1326F0015E403 /* Build configuration list for PBXNativeTarget "Top100AlbumsTests" */ = {
			isa = XCConfigurationList;
			buildConfigurations = (
				B245431C24B1326F0015E403 /* Debug */,
				B245431D24B1326F0015E403 /* Release */,
			);
			defaultConfigurationIsVisible = 0;
			defaultConfigurationName = Release;
		};
/* End XCConfigurationList section */
	};
	rootObject = B24542F124B132670015E403 /* Project object */;
}
